{
  "name": "freedomainzones.netlify.app",
  "lockfileVersion": 2,
  "requires": true,
  "packages": {
    "": {
      "license": "CC-BY-4.0",
      "dependencies": {
        "fomantic-ui-sass": "^2.4.2"
      }
    },
    "node_modules/fomantic-ui-sass": {
      "version": "2.7.80008",
      "resolved": "https://registry.npmjs.org/fomantic-ui-sass/-/fomantic-ui-sass-2.7.80008.tgz",
      "integrity": "sha512-6dTEADNOKjXGGR6JdGe4ywBzKrAv6jHGmJR6K/XBlEWus65qof/erZ+6dSrQVeziijbgymxYOT9bRhdJjyMtVw=="
    }
  },
  "dependencies": {
    "fomantic-ui-sass": {
      "version": "2.7.80008",
      "resolved": "https://registry.npmjs.org/fomantic-ui-sass/-/fomantic-ui-sass-2.7.80008.tgz",
      "integrity": "sha512-6dTEADNOKjXGGR6JdGe4ywBzKrAv6jHGmJR6K/XBlEWus65qof/erZ+6dSrQVeziijbgymxYOT9bRhdJjyMtVw=="
    }
  }
}
