{
  "requires": true,
  "lockfileVersion": 1,
  "dependencies": {
    "semantic-ui-sass": {
      "version": "2.4.2",
      "resolved": "https://registry.npmjs.org/semantic-ui-sass/-/semantic-ui-sass-2.4.2.tgz",
      "integrity": "sha512-UgDCDHqc36kBWjHqVOhYcm12Dewiro6SY80OUBUuSXEKRVn6Uph47OGB+JnGzblRbcmUNdNedGSAwZg8Pk6sDQ=="
    }
  }
}
