# THIS IS AN AUTOGENERATED FILE. DO NOT EDIT THIS FILE DIRECTLY.
# yarn lockfile v1


semantic-ui-sass@^2.4.2:
  version "2.4.2"
  resolved "https://registry.yarnpkg.com/semantic-ui-sass/-/semantic-ui-sass-2.4.2.tgz#ac1151ecf2c1b3d41fe55e4e4db5144a5d90cfec"
  integrity sha512-UgDCDHqc36kBWjHqVOhYcm12Dewiro6SY80OUBUuSXEKRVn6Uph47OGB+JnGzblRbcmUNdNedGSAwZg8Pk6sDQ==
